dependencies:
- name: common
  repository: oci://registry-1.docker.io/bitnamicharts
  version: 2.26.0
- name: redis
  repository: oci://registry-1.docker.io/bitnamicharts
  version: 18.19.4
- name: clickhouse
  repository: oci://registry-1.docker.io/bitnamicharts
  version: 6.2.27
- name: mongodb
  repository: oci://registry-1.docker.io/bitnamicharts
  version: 15.6.26
- name: kong
  repository: oci://registry-1.docker.io/bitnamicharts
  version: 10.8.0
digest: sha256:5246090a37b840fb4ec4de163dd2bf58dce83a46841e704c0de81b69b8624bf6
generated: "2024-10-17T15:47:49.968534+09:00"
